
Microsoft Visual Studio Solution File, Format Version 12.00
# Visual Studio Version 17
VisualStudioVersion = 17.13.35825.156 d17.13
MinimumVisualStudioVersion = 10.0.40219.1
Project("{FAE04EC0-301F-11D3-BF4B-00C04F79EFBC}") = "TicTacToe", "TicTacToe.csproj", "{D2A0BB48-497E-4181-AF3E-4FDC4F26EEC3}"
EndProject
Global
	GlobalSection(SolutionConfigurationPlatforms) = preSolution
		Debug|Any CPU = Debug|Any CPU
		Release|Any CPU = Release|Any CPU
	EndGlobalSection
	GlobalSection(ProjectConfigurationPlatforms) = postSolution
		{D2A0BB48-497E-4181-AF3E-4FDC4F26EEC3}.Debug|Any CPU.ActiveCfg = Debug|Any CPU
		{D2A0BB48-497E-4181-AF3E-4FDC4F26EEC3}.Debug|Any CPU.Build.0 = Debug|Any CPU
		{D2A0BB48-497E-4181-AF3E-4FDC4F26EEC3}.Release|Any CPU.ActiveCfg = Release|Any CPU
		{D2A0BB48-497E-4181-AF3E-4FDC4F26EEC3}.Release|Any CPU.Build.0 = Release|Any CPU
	EndGlobalSection
	GlobalSection(SolutionProperties) = preSolution
		HideSolutionNode = FALSE
	EndGlobalSection
	GlobalSection(ExtensibilityGlobals) = postSolution
		SolutionGuid = {A40CECB0-35D6-48B5-BDFE-C9A07D42F1AD}
	EndGlobalSection
EndGlobal
